# THIS IS AN AUTOGENERATED FILE. DO NOT EDIT THIS FILE DIRECTLY.
# yarn lockfile v1


"@babel/runtime@^7.5.5", "@babel/runtime@^7.8.7":
  version "7.28.4"
  resolved "https://registry.yarnpkg.com/@babel/runtime/-/runtime-7.28.4.tgz#a70226016fabe25c5783b2f22d3e1c9bc5ca3326"
  integrity sha512-Q/N6JNWvIvPnLDvjlE1OUBLPQHH6l3CltCEsHIujp45zQUSSh8K+gHnaEX45yAT1nyngnINhvWtzN+Nb9D8RAQ==

"@react-leaflet/core@^3.0.0":
  version "3.0.0"
  resolved "https://registry.npmjs.org/@react-leaflet/core/-/core-3.0.0.tgz"
  integrity sha512-3EWmekh4Nz+pGcr+xjf0KNyYfC3U2JjnkWsh0zcqaexYqmmB5ZhH37kz41JXGmKzpaMZCnPofBBm64i+YrEvGQ==

"@types/geojson@*":
  version "7946.0.16"
  resolved "https://registry.npmjs.org/@types/geojson/-/geojson-7946.0.16.tgz"
  integrity sha512-6C8nqWur3j98U6+lXDfTUWIfgvZU+EumvpHKcYjujKH7woYyLj2sUmff0tRhrqM7BohUw7Pz3ZB1jj2gW9Fvmg==

"@types/leaflet@*", "@types/leaflet@^1.9.21":
  version "1.9.21"
  resolved "https://registry.npmjs.org/@types/leaflet/-/leaflet-1.9.21.tgz"
  integrity sha512-TbAd9DaPGSnzp6QvtYngntMZgcRk+igFELwR2N99XZn7RXUdKgsXMR+28bUO0rPsWp8MIu/f47luLIQuSLYv/w==
  dependencies:
    "@types/geojson" "*"

"@types/react-leaflet@^2.8.3":
  version "2.8.3"
  resolved "https://registry.npmjs.org/@types/react-leaflet/-/react-leaflet-2.8.3.tgz"
  integrity sha512-MeBQnVQe6ikw8dkuZE4F96PvMdQeilZG6/ekk5XxhkSzU3lofedULn3UR/6G0uIHjbRazi4DA8LnLACX0bPhBg==
  dependencies:
    "@types/leaflet" "*"
    "@types/react" "*"

"@types/react-transition-group@^4.4.1":
  version "4.4.12"
  resolved "https://registry.yarnpkg.com/@types/react-transition-group/-/react-transition-group-4.4.12.tgz#b5d76568485b02a307238270bfe96cb51ee2a044"
  integrity sha512-8TV6R3h2j7a91c+1DXdJi3Syo69zzIZbz7Lg5tORM5LEJG7X/E6a1V3drRyBRZq7/utz7A+c4OgYLiLcYGHG6w==

"@types/react@*":
  version "19.2.7"
  resolved "https://registry.npmjs.org/@types/react/-/react-19.2.7.tgz"
  integrity sha512-MWtvHrGZLFttgeEj28VXHxpmwYbor/ATPYbBfSFZEIRK0ecCFLl2Qo55z52Hss+UV9CRN7trSeq1zbgx7YDWWg==
  dependencies:
    csstype "^3.2.2"

csstype@^3.0.2, csstype@^3.2.2:
  version "3.2.3"
  resolved "https://registry.npmjs.org/csstype/-/csstype-3.2.3.tgz"
  integrity sha512-z1HGKcYy2xA8AGQfwrn0PAy+PB7X/GSj3UVJW9qKyn43xWa+gl5nXmU4qqLMRzWVLFC8KusUX8T/0kCiOYpAIQ==

dom-helpers@^5.0.1:
  version "5.2.1"
  resolved "https://registry.yarnpkg.com/dom-helpers/-/dom-helpers-5.2.1.tgz#d9400536b2bf8225ad98fe052e029451ac40e902"
  integrity sha512-nRCa7CK3VTrM2NmGkIy4cbK7IZlgBE/PYMn55rrXefr5xXDP0LdtfPnblFDoVdcAfslJ7or6iqAUnx0CCGIWQA==
  dependencies:
    "@babel/runtime" "^7.8.7"
    csstype "^3.0.2"

eventemitter3@^5.0.1:
  version "5.0.1"
  resolved "https://registry.yarnpkg.com/eventemitter3/-/eventemitter3-5.0.1.tgz#53f5ffd0a492ac800721bb42c66b841de96423c4"
  integrity sha512-GWkBvjiSZK87ELrYOSESUYeVIc9mvLLf/nXalMOS5dYrgZq9o5OVkbZAVM06CVxYsCwH9BDZFPlQTlPA1j4ahA==

fast-diff@^1.3.0:
  version "1.3.0"
  resolved "https://registry.yarnpkg.com/fast-diff/-/fast-diff-1.3.0.tgz#ece407fa550a64d638536cd727e129c61616e0f0"
  integrity sha512-VxPP4NqbUjj6MaAOafWeUn2cXWLcCtljklUtZf0Ind4XQ+QPtmA0b18zZy0jIQx+ExRVCR/ZQpBmik5lXshNsw==

"js-tokens@^3.0.0 || ^4.0.0":
  version "4.0.0"
  resolved "https://registry.yarnpkg.com/js-tokens/-/js-tokens-4.0.0.tgz#19203fb59991df98e3a287050d4647cdeaf32499"
  integrity sha512-RdJUflcE3cUzKiMqQgsCu06FPu9UdIJO0beYbPhHN4k6apgJtifcoCtT9bcxOpYBtpD2kCM6Sbzg4CausW/PKQ==

leaflet@^1.9.4:
  version "1.9.4"
  resolved "https://registry.npmjs.org/leaflet/-/leaflet-1.9.4.tgz"
  integrity sha512-nxS1ynzJOmOlHp+iL3FyWqK89GtNL8U8rvlMOsQdTTssxZwCXh8N2NB3GDQOL+YR3XnWyZAxwQixURb+FA74PA==

lodash-es@^4.17.21:
  version "4.17.22"
  resolved "https://registry.yarnpkg.com/lodash-es/-/lodash-es-4.17.22.tgz#eb7d123ec2470d69b911abe34f85cb694849b346"
  integrity sha512-XEawp1t0gxSi9x01glktRZ5HDy0HXqrM0x5pXQM98EaI0NxO6jVM7omDOxsuEo5UIASAnm2bRp1Jt/e0a2XU8Q==

lodash.clonedeep@^4.5.0:
  version "4.5.0"
  resolved "https://registry.yarnpkg.com/lodash.clonedeep/-/lodash.clonedeep-4.5.0.tgz#e23f3f9c4f8fbdde872529c1071857a086e5ccef"
  integrity sha512-H5ZhCF25riFd9uB5UCkVKo61m3S/xZk1x4wA6yp/L3RFP6Z/eHH1ymQcGLo7J3GMPfm0V/7m1tryHuGVxpqEBQ==

lodash.isequal@^4.5.0:
  version "4.5.0"
  resolved "https://registry.yarnpkg.com/lodash.isequal/-/lodash.isequal-4.5.0.tgz#415c4478f2bcc30120c22ce10ed3226f7d3e18e0"
  integrity sha512-pDo3lu8Jhfjqls6GkMgpahsF9kCyayhgykjyLMNFTKWrpVdAQtYyB4muAMWozBB4ig/dtWAmsMxLEI8wuz+DYQ==

loose-envify@^1.4.0:
  version "1.4.0"
  resolved "https://registry.yarnpkg.com/loose-envify/-/loose-envify-1.4.0.tgz#71ee51fa7be4caec1a63839f7e682d8132d30caf"
  integrity sha512-lyuxPGr/Wfhrlem2CL/UcnUc1zcqKAImBDzukY7Y5F/yQiNdko6+fRLevlw1HgMySw7f611UIY408EtxRSoK3Q==
  dependencies:
    js-tokens "^3.0.0 || ^4.0.0"

object-assign@^4.1.1:
  version "4.1.1"
  resolved "https://registry.yarnpkg.com/object-assign/-/object-assign-4.1.1.tgz#2109adc7965887cfc05cbbd442cac8bfbb360863"
  integrity sha512-rJgTQnkUnH1sFw8yT6VSU3zD3sWmu6sZhIseY8VX+GRu3P6F7Fu+JNDoXfklElbLJSnc3FUQHVe4cU5hj+BcUg==

parchment@^3.0.0:
  version "3.0.0"
  resolved "https://registry.yarnpkg.com/parchment/-/parchment-3.0.0.tgz#2e3a4ada454e1206ae76ea7afcb50e9fb517e7d6"
  integrity sha512-HUrJFQ/StvgmXRcQ1ftY6VEZUq3jA2t9ncFN4F84J/vN0/FPpQF+8FKXb3l6fLces6q0uOHj6NJn+2xvZnxO6A==

primeicons@^7.0.0:
  version "7.0.0"
  resolved "https://registry.yarnpkg.com/primeicons/-/primeicons-7.0.0.tgz#6b25c3fdcb29bb745a3035bdc1ed5902f4a419cf"
  integrity sha512-jK3Et9UzwzTsd6tzl2RmwrVY/b8raJ3QZLzoDACj+oTJ0oX7L9Hy+XnVwgo4QVKlKpnP/Ur13SXV/pVh4LzaDw==

primereact@^10.9.7:
  version "10.9.7"
  resolved "https://registry.yarnpkg.com/primereact/-/primereact-10.9.7.tgz#a79a5de7d842826e7f7fb853f216bb37e581f78b"
  integrity sha512-Ap/lg9GGaS8Pq7IIlzguuG3qlaU6PYF6E0cCRo0rnWauRw/SQGvfreSVIIxqEhtR6xqlf7OV759lyvVOvBzmsQ==
  dependencies:
    "@types/react-transition-group" "^4.4.1"
    react-transition-group "^4.4.1"

prop-types@^15.6.2:
  version "15.8.1"
  resolved "https://registry.yarnpkg.com/prop-types/-/prop-types-15.8.1.tgz#67d87bf1a694f48435cf332c24af10214a3140b5"
  integrity sha512-oj87CgZICdulUohogVAR7AjlC0327U4el4L6eAvOqCeudMDVU0NThNaV+b9Df4dXgSP1gXMTnPdhfe/2qDH5cg==
  dependencies:
    loose-envify "^1.4.0"
    object-assign "^4.1.1"
    react-is "^16.13.1"

quill-delta@^5.1.0:
  version "5.1.0"
  resolved "https://registry.yarnpkg.com/quill-delta/-/quill-delta-5.1.0.tgz#1c4bc08f7c8e5cc4bdc88a15a1a70c1cc72d2b48"
  integrity sha512-X74oCeRI4/p0ucjb5Ma8adTXd9Scumz367kkMK5V/IatcX6A0vlgLgKbzXWy5nZmCGeNJm2oQX0d2Eqj+ZIlCA==
  dependencies:
    fast-diff "^1.3.0"
    lodash.clonedeep "^4.5.0"
    lodash.isequal "^4.5.0"

quill@^2.0.3:
  version "2.0.3"
  resolved "https://registry.yarnpkg.com/quill/-/quill-2.0.3.tgz#752765a31d5a535cdc5717dc49d4e50099365eb1"
  integrity sha512-xEYQBqfYx/sfb33VJiKnSJp8ehloavImQ2A6564GAbqG55PGw1dAWUn1MUbQB62t0azawUS2CZZhWCjO8gRvTw==
  dependencies:
    eventemitter3 "^5.0.1"
    lodash-es "^4.17.21"
    parchment "^3.0.0"
    quill-delta "^5.1.0"

react-is@^16.13.1:
  version "16.13.1"
  resolved "https://registry.yarnpkg.com/react-is/-/react-is-16.13.1.tgz#789729a4dc36de2999dc156dd6c1d9c18cea56a4"
  integrity sha512-24e6ynE2H+OKt4kqsOvNd8kBpV65zoxbA4BVsEOB3ARVWQki/DHzaUoC5KuON/BiccDaCCTZBuOcfZs70kR8bQ==

react-leaflet@^5.0.0:
  version "5.0.0"
  resolved "https://registry.npmjs.org/react-leaflet/-/react-leaflet-5.0.0.tgz"
  integrity sha512-CWbTpr5vcHw5bt9i4zSlPEVQdTVcML390TjeDG0cK59z1ylexpqC6M1PJFjV8jD7CF+ACBFsLIDs6DRMoLEofw==
  dependencies:
    "@react-leaflet/core" "^3.0.0"

react-transition-group@^4.4.1:
  version "4.4.5"
  resolved "https://registry.yarnpkg.com/react-transition-group/-/react-transition-group-4.4.5.tgz#e53d4e3f3344da8521489fbef8f2581d42becdd1"
  integrity sha512-pZcd1MCJoiKiBR2NRxeCRg13uCXbydPnmB4EOeRrY7480qNWO8IIgQG6zlDkm6uRMsURXPuKq0GWtiM59a5Q6g==
  dependencies:
    "@babel/runtime" "^7.5.5"
    dom-helpers "^5.0.1"
    loose-envify "^1.4.0"
    prop-types "^15.6.2"
